// !$*UTF8*$!
{
	archiveVersion = 1;
	classes = {
	};
	objectVersion = 48;
	objects = {

/* Begin PBXBuildFile section */
		B907266C1F997C3E008AD066 /* 10.m in Sources */ = {isa = PBXBuildFile; fileRef = B907266B1F997C3E008AD066 /* 10.m */; };
		B91BFAEF1FBD06490054B268 /* 34.m in Sources */ = {isa = PBXBuildFile; fileRef = B91BFAEE1FBD06490054B268 /* 34.m */; };
		B91BFAF11FBD20F60054B268 /* 37.mm in Sources */ = {isa = PBXBuildFile; fileRef = B91BFAF01FBD20F60054B268 /* 37.mm */; };
		B91BFAF31FBD23750054B268 /* 36.mm in Sources */ = {isa = PBXBuildFile; fileRef = B91BFAF21FBD23750054B268 /* 36.mm */; };
		B91F285C1F9D73E700689DE3 /* 19.mm in Sources */ = {isa = PBXBuildFile; fileRef = B91F285B1F9D73E700689DE3 /* 19.mm */; };
		B91F285E1F9D781800689DE3 /* 20.mm in Sources */ = {isa = PBXBuildFile; fileRef = B91F285D1F9D781800689DE3 /* 20.mm */; };
		B91F28601F9DBA7B00689DE3 /* 22.mm in Sources */ = {isa = PBXBuildFile; fileRef = B91F285F1F9DBA7B00689DE3 /* 22.mm */; };
		B91F28621F9DC87200689DE3 /* tree.mm in Sources */ = {isa = PBXBuildFile; fileRef = B91F28611F9DC87200689DE3 /* tree.mm */; };
		B92AE3501F9F18E200A99214 /* 23.mm in Sources */ = {isa = PBXBuildFile; fileRef = B92AE34F1F9F18E200A99214 /* 23.mm */; };
		B92AE3521F9F308300A99214 /* 25.m in Sources */ = {isa = PBXBuildFile; fileRef = B92AE3511F9F308300A99214 /* 25.m */; };
		B934BB991FA225BA00011B09 /* 28.m in Sources */ = {isa = PBXBuildFile; fileRef = B934BB981FA225BA00011B09 /* 28.m */; };
		B934BB9D1FA40EFD00011B09 /* 30.m in Sources */ = {isa = PBXBuildFile; fileRef = B934BB9C1FA40EFD00011B09 /* 30.m */; };
		B94C21901FBD39D200842B8E /* 38.m in Sources */ = {isa = PBXBuildFile; fileRef = B94C218F1FBD39D200842B8E /* 38.m */; };
		B94C21921FBD7A7900842B8E /* 39.mm in Sources */ = {isa = PBXBuildFile; fileRef = B94C21911FBD7A7900842B8E /* 39.mm */; };
		B94C21941FBD7CDD00842B8E /* 40.mm in Sources */ = {isa = PBXBuildFile; fileRef = B94C21931FBD7CDD00842B8E /* 40.mm */; };
		B94C21961FBD8B3100842B8E /* 41.m in Sources */ = {isa = PBXBuildFile; fileRef = B94C21951FBD8B3100842B8E /* 41.m */; };
		B94C21981FBD997700842B8E /* 42.m in Sources */ = {isa = PBXBuildFile; fileRef = B94C21971FBD997700842B8E /* 42.m */; };
		B950D8201F9A000400DFD910 /* 14.m in Sources */ = {isa = PBXBuildFile; fileRef = B950D81F1F9A000400DFD910 /* 14.m */; };
		B950D8221F9A00AC00DFD910 /* 15.m in Sources */ = {isa = PBXBuildFile; fileRef = B950D8211F9A00AC00DFD910 /* 15.m */; };
		B983EFA81FA768A2002F776C /* 31.m in Sources */ = {isa = PBXBuildFile; fileRef = B983EFA71FA768A2002F776C /* 31.m */; };
		B983EFAA1FA76D97002F776C /* 32.mm in Sources */ = {isa = PBXBuildFile; fileRef = B983EFA91FA76D97002F776C /* 32.mm */; };
		B983EFAC1FA77247002F776C /* 33.m in Sources */ = {isa = PBXBuildFile; fileRef = B983EFAB1FA77247002F776C /* 33.m */; };
		B9B8A0EA1F97A45C00920974 /* 01.mm in Sources */ = {isa = PBXBuildFile; fileRef = B9B8A0E91F97A45C00920974 /* 01.mm */; };
		B9B8A0F11F97AB6F00920974 /* 02.mm in Sources */ = {isa = PBXBuildFile; fileRef = B9B8A0F01F97AB6F00920974 /* 02.mm */; };
		B9B8A0F41F97B08100920974 /* 03.mm in Sources */ = {isa = PBXBuildFile; fileRef = B9B8A0F31F97B08100920974 /* 03.mm */; };
		B9B8A0F61F97B1AE00920974 /* 04.m in Sources */ = {isa = PBXBuildFile; fileRef = B9B8A0F51F97B1AE00920974 /* 04.m */; };
		B9B8A0F81F98565100920974 /* 06.mm in Sources */ = {isa = PBXBuildFile; fileRef = B9B8A0F71F98565100920974 /* 06.mm */; };
		B9B8A0FA1F9880F800920974 /* 07.mm in Sources */ = {isa = PBXBuildFile; fileRef = B9B8A0F91F9880F800920974 /* 07.mm */; };
		B9B8A0FC1F98883C00920974 /* 08.m in Sources */ = {isa = PBXBuildFile; fileRef = B9B8A0FB1F98883C00920974 /* 08.m */; };
		B9B8A0FE1F9889F400920974 /* 09.m in Sources */ = {isa = PBXBuildFile; fileRef = B9B8A0FD1F9889F400920974 /* 09.m */; };
		B9B8B2E21FA0B4F600971C1F /* 26.mm in Sources */ = {isa = PBXBuildFile; fileRef = B9B8B2E11FA0B4F600971C1F /* 26.mm */; };
		B9B8B2E41FA0C7EE00971C1F /* 27.m in Sources */ = {isa = PBXBuildFile; fileRef = B9B8B2E31FA0C7EE00971C1F /* 27.m */; };
		B9BC78461F99C68D00F548B4 /* 11.m in Sources */ = {isa = PBXBuildFile; fileRef = B9BC78451F99C68D00F548B4 /* 11.m */; };
		B9BC78481F99E06300F548B4 /* 12.m in Sources */ = {isa = PBXBuildFile; fileRef = B9BC78471F99E06300F548B4 /* 12.m */; };
		B9BC784A1F99F9A800F548B4 /* 13.m in Sources */ = {isa = PBXBuildFile; fileRef = B9BC78491F99F9A800F548B4 /* 13.m */; };
		B9D394641F9AD9E800CBBF66 /* 17.m in Sources */ = {isa = PBXBuildFile; fileRef = B9D394631F9AD9E800CBBF66 /* 17.m */; };
		B9D394661F9C35AA00CBBF66 /* 18.mm in Sources */ = {isa = PBXBuildFile; fileRef = B9D394651F9C35AA00CBBF66 /* 18.mm */; };
		B9D394681F9D458700CBBF66 /* sort.mm in Sources */ = {isa = PBXBuildFile; fileRef = B9D394671F9D458700CBBF66 /* sort.mm */; };
/* End PBXBuildFile section */

/* Begin PBXCopyFilesBuildPhase section */
		B9B8A0E41F97A45C00920974 /* CopyFiles */ = {
			isa = PBXCopyFilesBuildPhase;
			buildActionMask = 2147483647;
			dstPath = /usr/share/man/man1/;
			dstSubfolderSpec = 0;
			files = (
			);
			runOnlyForDeploymentPostprocessing = 1;
		};
/* End PBXCopyFilesBuildPhase section */

/* Begin PBXFileReference section */
		B907266B1F997C3E008AD066 /* 10.m */ = {isa = PBXFileReference; lastKnownFileType = sourcecode.c.objc; path = 10.m; sourceTree = "<group>"; };
		B91BFAEE1FBD06490054B268 /* 34.m */ = {isa = PBXFileReference; lastKnownFileType = sourcecode.c.objc; path = 34.m; sourceTree = "<group>"; };
		B91BFAF01FBD20F60054B268 /* 37.mm */ = {isa = PBXFileReference; lastKnownFileType = sourcecode.cpp.objcpp; path = 37.mm; sourceTree = "<group>"; };
		B91BFAF21FBD23750054B268 /* 36.mm */ = {isa = PBXFileReference; lastKnownFileType = sourcecode.cpp.objcpp; path = 36.mm; sourceTree = "<group>"; };
		B91F285B1F9D73E700689DE3 /* 19.mm */ = {isa = PBXFileReference; lastKnownFileType = sourcecode.cpp.objcpp; path = 19.mm; sourceTree = "<group>"; };
		B91F285D1F9D781800689DE3 /* 20.mm */ = {isa = PBXFileReference; lastKnownFileType = sourcecode.cpp.objcpp; path = 20.mm; sourceTree = "<group>"; };
		B91F285F1F9DBA7B00689DE3 /* 22.mm */ = {isa = PBXFileReference; lastKnownFileType = sourcecode.cpp.objcpp; path = 22.mm; sourceTree = "<group>"; };
		B91F28611F9DC87200689DE3 /* tree.mm */ = {isa = PBXFileReference; lastKnownFileType = sourcecode.cpp.objcpp; path = tree.mm; sourceTree = "<group>"; };
		B92AE34F1F9F18E200A99214 /* 23.mm */ = {isa = PBXFileReference; lastKnownFileType = sourcecode.cpp.objcpp; path = 23.mm; sourceTree = "<group>"; };
		B92AE3511F9F308300A99214 /* 25.m */ = {isa = PBXFileReference; lastKnownFileType = sourcecode.c.objc; path = 25.m; sourceTree = "<group>"; };
		B934BB981FA225BA00011B09 /* 28.m */ = {isa = PBXFileReference; lastKnownFileType = sourcecode.c.objc; path = 28.m; sourceTree = "<group>"; };
		B934BB9C1FA40EFD00011B09 /* 30.m */ = {isa = PBXFileReference; lastKnownFileType = sourcecode.c.objc; path = 30.m; sourceTree = "<group>"; };
		B94C218F1FBD39D200842B8E /* 38.m */ = {isa = PBXFileReference; lastKnownFileType = sourcecode.c.objc; path = 38.m; sourceTree = "<group>"; };
		B94C21911FBD7A7900842B8E /* 39.mm */ = {isa = PBXFileReference; lastKnownFileType = sourcecode.cpp.objcpp; path = 39.mm; sourceTree = "<group>"; };
		B94C21931FBD7CDD00842B8E /* 40.mm */ = {isa = PBXFileReference; lastKnownFileType = sourcecode.cpp.objcpp; path = 40.mm; sourceTree = "<group>"; };
		B94C21951FBD8B3100842B8E /* 41.m */ = {isa = PBXFileReference; lastKnownFileType = sourcecode.c.objc; path = 41.m; sourceTree = "<group>"; };
		B94C21971FBD997700842B8E /* 42.m */ = {isa = PBXFileReference; lastKnownFileType = sourcecode.c.objc; path = 42.m; sourceTree = "<group>"; };
		B950D81F1F9A000400DFD910 /* 14.m */ = {isa = PBXFileReference; lastKnownFileType = sourcecode.c.objc; path = 14.m; sourceTree = "<group>"; };
		B950D8211F9A00AC00DFD910 /* 15.m */ = {isa = PBXFileReference; lastKnownFileType = sourcecode.c.objc; path = 15.m; sourceTree = "<group>"; };
		B983EFA71FA768A2002F776C /* 31.m */ = {isa = PBXFileReference; lastKnownFileType = sourcecode.c.objc; path = 31.m; sourceTree = "<group>"; };
		B983EFA91FA76D97002F776C /* 32.mm */ = {isa = PBXFileReference; lastKnownFileType = sourcecode.cpp.objcpp; path = 32.mm; sourceTree = "<group>"; };
		B983EFAB1FA77247002F776C /* 33.m */ = {isa = PBXFileReference; lastKnownFileType = sourcecode.c.objc; path = 33.m; sourceTree = "<group>"; };
		B9B8A0E61F97A45C00920974 /* 算法 */ = {isa = PBXFileReference; explicitFileType = "compiled.mach-o.executable"; includeInIndex = 0; path = "算法"; sourceTree = BUILT_PRODUCTS_DIR; };
		B9B8A0E91F97A45C00920974 /* 01.mm */ = {isa = PBXFileReference; lastKnownFileType = sourcecode.cpp.objcpp; path = 01.mm; sourceTree = "<group>"; };
		B9B8A0F01F97AB6F00920974 /* 02.mm */ = {isa = PBXFileReference; lastKnownFileType = sourcecode.cpp.objcpp; path = 02.mm; sourceTree = "<group>"; };
		B9B8A0F21F97ABE200920974 /* Common.h */ = {isa = PBXFileReference; lastKnownFileType = sourcecode.c.h; path = Common.h; sourceTree = "<group>"; };
		B9B8A0F31F97B08100920974 /* 03.mm */ = {isa = PBXFileReference; lastKnownFileType = sourcecode.cpp.objcpp; path = 03.mm; sourceTree = "<group>"; };
		B9B8A0F51F97B1AE00920974 /* 04.m */ = {isa = PBXFileReference; lastKnownFileType = sourcecode.c.objc; path = 04.m; sourceTree = "<group>"; };
		B9B8A0F71F98565100920974 /* 06.mm */ = {isa = PBXFileReference; lastKnownFileType = sourcecode.cpp.objcpp; path = 06.mm; sourceTree = "<group>"; };
		B9B8A0F91F9880F800920974 /* 07.mm */ = {isa = PBXFileReference; lastKnownFileType = sourcecode.cpp.objcpp; path = 07.mm; sourceTree = "<group>"; };
		B9B8A0FB1F98883C00920974 /* 08.m */ = {isa = PBXFileReference; lastKnownFileType = sourcecode.c.objc; path = 08.m; sourceTree = "<group>"; };
		B9B8A0FD1F9889F400920974 /* 09.m */ = {isa = PBXFileReference; lastKnownFileType = sourcecode.c.objc; path = 09.m; sourceTree = "<group>"; };
		B9B8B2E11FA0B4F600971C1F /* 26.mm */ = {isa = PBXFileReference; lastKnownFileType = sourcecode.cpp.objcpp; path = 26.mm; sourceTree = "<group>"; };
		B9B8B2E31FA0C7EE00971C1F /* 27.m */ = {isa = PBXFileReference; lastKnownFileType = sourcecode.c.objc; path = 27.m; sourceTree = "<group>"; };
		B9BC78451F99C68D00F548B4 /* 11.m */ = {isa = PBXFileReference; lastKnownFileType = sourcecode.c.objc; path = 11.m; sourceTree = "<group>"; };
		B9BC78471F99E06300F548B4 /* 12.m */ = {isa = PBXFileReference; lastKnownFileType = sourcecode.c.objc; path = 12.m; sourceTree = "<group>"; };
		B9BC78491F99F9A800F548B4 /* 13.m */ = {isa = PBXFileReference; lastKnownFileType = sourcecode.c.objc; path = 13.m; sourceTree = "<group>"; };
		B9D394631F9AD9E800CBBF66 /* 17.m */ = {isa = PBXFileReference; lastKnownFileType = sourcecode.c.objc; path = 17.m; sourceTree = "<group>"; };
		B9D394651F9C35AA00CBBF66 /* 18.mm */ = {isa = PBXFileReference; lastKnownFileType = sourcecode.cpp.objcpp; path = 18.mm; sourceTree = "<group>"; };
		B9D394671F9D458700CBBF66 /* sort.mm */ = {isa = PBXFileReference; lastKnownFileType = sourcecode.cpp.objcpp; path = sort.mm; sourceTree = "<group>"; };
/* End PBXFileReference section */

/* Begin PBXFrameworksBuildPhase section */
		B9B8A0E31F97A45C00920974 /* Frameworks */ = {
			isa = PBXFrameworksBuildPhase;
			buildActionMask = 2147483647;
			files = (
			);
			runOnlyForDeploymentPostprocessing = 0;
		};
/* End PBXFrameworksBuildPhase section */

/* Begin PBXGroup section */
		B9B8A0DD1F97A45C00920974 = {
			isa = PBXGroup;
			children = (
				B9B8A0E81F97A45C00920974 /* 算法 */,
				B9B8A0E71F97A45C00920974 /* Products */,
			);
			sourceTree = "<group>";
		};
		B9B8A0E71F97A45C00920974 /* Products */ = {
			isa = PBXGroup;
			children = (
				B9B8A0E61F97A45C00920974 /* 算法 */,
			);
			name = Products;
			sourceTree = "<group>";
		};
		B9B8A0E81F97A45C00920974 /* 算法 */ = {
			isa = PBXGroup;
			children = (
				B9B8A0F21F97ABE200920974 /* Common.h */,
				B9D394671F9D458700CBBF66 /* sort.mm */,
				B91F28611F9DC87200689DE3 /* tree.mm */,
				B9B8A0E91F97A45C00920974 /* 01.mm */,
				B9B8A0F01F97AB6F00920974 /* 02.mm */,
				B9B8A0F31F97B08100920974 /* 03.mm */,
				B9B8A0F51F97B1AE00920974 /* 04.m */,
				B9B8A0F71F98565100920974 /* 06.mm */,
				B9B8A0F91F9880F800920974 /* 07.mm */,
				B9B8A0FB1F98883C00920974 /* 08.m */,
				B9B8A0FD1F9889F400920974 /* 09.m */,
				B907266B1F997C3E008AD066 /* 10.m */,
				B9BC78451F99C68D00F548B4 /* 11.m */,
				B9BC78471F99E06300F548B4 /* 12.m */,
				B9BC78491F99F9A800F548B4 /* 13.m */,
				B950D81F1F9A000400DFD910 /* 14.m */,
				B950D8211F9A00AC00DFD910 /* 15.m */,
				B9D394631F9AD9E800CBBF66 /* 17.m */,
				B9D394651F9C35AA00CBBF66 /* 18.mm */,
				B91F285B1F9D73E700689DE3 /* 19.mm */,
				B91F285D1F9D781800689DE3 /* 20.mm */,
				B91F285F1F9DBA7B00689DE3 /* 22.mm */,
				B92AE34F1F9F18E200A99214 /* 23.mm */,
				B92AE3511F9F308300A99214 /* 25.m */,
				B9B8B2E11FA0B4F600971C1F /* 26.mm */,
				B9B8B2E31FA0C7EE00971C1F /* 27.m */,
				B934BB981FA225BA00011B09 /* 28.m */,
				B934BB9C1FA40EFD00011B09 /* 30.m */,
				B983EFA71FA768A2002F776C /* 31.m */,
				B983EFA91FA76D97002F776C /* 32.mm */,
				B983EFAB1FA77247002F776C /* 33.m */,
				B91BFAEE1FBD06490054B268 /* 34.m */,
				B91BFAF21FBD23750054B268 /* 36.mm */,
				B91BFAF01FBD20F60054B268 /* 37.mm */,
				B94C218F1FBD39D200842B8E /* 38.m */,
				B94C21911FBD7A7900842B8E /* 39.mm */,
				B94C21931FBD7CDD00842B8E /* 40.mm */,
				B94C21951FBD8B3100842B8E /* 41.m */,
				B94C21971FBD997700842B8E /* 42.m */,
			);
			path = "算法";
			sourceTree = "<group>";
		};
/* End PBXGroup section */

/* Begin PBXNativeTarget section */
		B9B8A0E51F97A45C00920974 /* 算法 */ = {
			isa = PBXNativeTarget;
			buildConfigurationList = B9B8A0ED1F97A45C00920974 /* Build configuration list for PBXNativeTarget "算法" */;
			buildPhases = (
				B9B8A0E21F97A45C00920974 /* Sources */,
				B9B8A0E31F97A45C00920974 /* Frameworks */,
				B9B8A0E41F97A45C00920974 /* CopyFiles */,
			);
			buildRules = (
			);
			dependencies = (
			);
			name = "算法";
			productName = "算法";
			productReference = B9B8A0E61F97A45C00920974 /* 算法 */;
			productType = "com.apple.product-type.tool";
		};
/* End PBXNativeTarget section */

/* Begin PBXProject section */
		B9B8A0DE1F97A45C00920974 /* Project object */ = {
			isa = PBXProject;
			attributes = {
				LastUpgradeCheck = 0900;
				ORGANIZATIONNAME = qinmin;
				TargetAttributes = {
					B9B8A0E51F97A45C00920974 = {
						CreatedOnToolsVersion = 9.0.1;
						ProvisioningStyle = Automatic;
					};
				};
			};
			buildConfigurationList = B9B8A0E11F97A45C00920974 /* Build configuration list for PBXProject "算法" */;
			compatibilityVersion = "Xcode 8.0";
			developmentRegion = en;
			hasScannedForEncodings = 0;
			knownRegions = (
				en,
			);
			mainGroup = B9B8A0DD1F97A45C00920974;
			productRefGroup = B9B8A0E71F97A45C00920974 /* Products */;
			projectDirPath = "";
			projectRoot = "";
			targets = (
				B9B8A0E51F97A45C00920974 /* 算法 */,
			);
		};
/* End PBXProject section */

/* Begin PBXSourcesBuildPhase section */
		B9B8A0E21F97A45C00920974 /* Sources */ = {
			isa = PBXSourcesBuildPhase;
			buildActionMask = 2147483647;
			files = (
				B94C21901FBD39D200842B8E /* 38.m in Sources */,
				B9B8A0FE1F9889F400920974 /* 09.m in Sources */,
				B9B8A0F41F97B08100920974 /* 03.mm in Sources */,
				B934BB9D1FA40EFD00011B09 /* 30.m in Sources */,
				B91BFAF31FBD23750054B268 /* 36.mm in Sources */,
				B92AE3501F9F18E200A99214 /* 23.mm in Sources */,
				B91F28621F9DC87200689DE3 /* tree.mm in Sources */,
				B94C21941FBD7CDD00842B8E /* 40.mm in Sources */,
				B9B8A0EA1F97A45C00920974 /* 01.mm in Sources */,
				B91BFAEF1FBD06490054B268 /* 34.m in Sources */,
				B94C21961FBD8B3100842B8E /* 41.m in Sources */,
				B934BB991FA225BA00011B09 /* 28.m in Sources */,
				B983EFA81FA768A2002F776C /* 31.m in Sources */,
				B9BC78461F99C68D00F548B4 /* 11.m in Sources */,
				B9B8A0FC1F98883C00920974 /* 08.m in Sources */,
				B9B8B2E41FA0C7EE00971C1F /* 27.m in Sources */,
				B983EFAA1FA76D97002F776C /* 32.mm in Sources */,
				B950D8221F9A00AC00DFD910 /* 15.m in Sources */,
				B9D394681F9D458700CBBF66 /* sort.mm in Sources */,
				B91F28601F9DBA7B00689DE3 /* 22.mm in Sources */,
				B9D394641F9AD9E800CBBF66 /* 17.m in Sources */,
				B94C21981FBD997700842B8E /* 42.m in Sources */,
				B94C21921FBD7A7900842B8E /* 39.mm in Sources */,
				B907266C1F997C3E008AD066 /* 10.m in Sources */,
				B9D394661F9C35AA00CBBF66 /* 18.mm in Sources */,
				B9BC78481F99E06300F548B4 /* 12.m in Sources */,
				B9BC784A1F99F9A800F548B4 /* 13.m in Sources */,
				B950D8201F9A000400DFD910 /* 14.m in Sources */,
				B983EFAC1FA77247002F776C /* 33.m in Sources */,
				B91F285E1F9D781800689DE3 /* 20.mm in Sources */,
				B91F285C1F9D73E700689DE3 /* 19.mm in Sources */,
				B91BFAF11FBD20F60054B268 /* 37.mm in Sources */,
				B9B8A0FA1F9880F800920974 /* 07.mm in Sources */,
				B9B8A0F81F98565100920974 /* 06.mm in Sources */,
				B9B8A0F11F97AB6F00920974 /* 02.mm in Sources */,
				B9B8A0F61F97B1AE00920974 /* 04.m in Sources */,
				B92AE3521F9F308300A99214 /* 25.m in Sources */,
				B9B8B2E21FA0B4F600971C1F /* 26.mm in Sources */,
			);
			runOnlyForDeploymentPostprocessing = 0;
		};
/* End PBXSourcesBuildPhase section */

/* Begin XCBuildConfiguration section */
		B9B8A0EB1F97A45C00920974 /* Debug */ = {
			isa = XCBuildConfiguration;
			buildSettings = {
				ALWAYS_SEARCH_USER_PATHS = NO;
				CLANG_ANALYZER_NONNULL = YES;
				CLANG_ANALYZER_NUMBER_OBJECT_CONVERSION = YES_AGGRESSIVE;
				CLANG_CXX_LANGUAGE_STANDARD = "gnu++14";
				CLANG_CXX_LIBRARY = "libc++";
				CLANG_ENABLE_MODULES = YES;
				CLANG_ENABLE_OBJC_ARC = YES;
				CLANG_WARN_BLOCK_CAPTURE_AUTORELEASING = YES;
				CLANG_WARN_BOOL_CONVERSION = YES;
				CLANG_WARN_COMMA = YES;
				CLANG_WARN_CONSTANT_CONVERSION = YES;
				CLANG_WARN_DIRECT_OBJC_ISA_USAGE = YES_ERROR;
				CLANG_WARN_DOCUMENTATION_COMMENTS = YES;
				CLANG_WARN_EMPTY_BODY = YES;
				CLANG_WARN_ENUM_CONVERSION = YES;
				CLANG_WARN_INFINITE_RECURSION = YES;
				CLANG_WARN_INT_CONVERSION = YES;
				CLANG_WARN_NON_LITERAL_NULL_CONVERSION = YES;
				CLANG_WARN_OBJC_LITERAL_CONVERSION = YES;
				CLANG_WARN_OBJC_ROOT_CLASS = YES_ERROR;
				CLANG_WARN_RANGE_LOOP_ANALYSIS = YES;
				CLANG_WARN_STRICT_PROTOTYPES = YES;
				CLANG_WARN_SUSPICIOUS_MOVE = YES;
				CLANG_WARN_UNGUARDED_AVAILABILITY = YES_AGGRESSIVE;
				CLANG_WARN_UNREACHABLE_CODE = YES;
				CLANG_WARN__DUPLICATE_METHOD_MATCH = YES;
				CODE_SIGN_IDENTITY = "-";
				COPY_PHASE_STRIP = NO;
				DEBUG_INFORMATION_FORMAT = dwarf;
				ENABLE_STRICT_OBJC_MSGSEND = YES;
				ENABLE_TESTABILITY = YES;
				GCC_C_LANGUAGE_STANDARD = gnu11;
				GCC_DYNAMIC_NO_PIC = NO;
				GCC_NO_COMMON_BLOCKS = YES;
				GCC_OPTIMIZATION_LEVEL = 0;
				GCC_PREPROCESSOR_DEFINITIONS = (
					"DEBUG=1",
					"$(inherited)",
				);
				GCC_WARN_64_TO_32_BIT_CONVERSION = YES;
				GCC_WARN_ABOUT_RETURN_TYPE = YES_ERROR;
				GCC_WARN_UNDECLARED_SELECTOR = YES;
				GCC_WARN_UNINITIALIZED_AUTOS = YES_AGGRESSIVE;
				GCC_WARN_UNUSED_FUNCTION = YES;
				GCC_WARN_UNUSED_VARIABLE = YES;
				MACOSX_DEPLOYMENT_TARGET = 10.12;
				MTL_ENABLE_DEBUG_INFO = YES;
				ONLY_ACTIVE_ARCH = YES;
				SDKROOT = macosx;
			};
			name = Debug;
		};
		B9B8A0EC1F97A45C00920974 /* Release */ = {
			isa = XCBuildConfiguration;
			buildSettings = {
				ALWAYS_SEARCH_USER_PATHS = NO;
				CLANG_ANALYZER_NONNULL = YES;
				CLANG_ANALYZER_NUMBER_OBJECT_CONVERSION = YES_AGGRESSIVE;
				CLANG_CXX_LANGUAGE_STANDARD = "gnu++14";
				CLANG_CXX_LIBRARY = "libc++";
				CLANG_ENABLE_MODULES = YES;
				CLANG_ENABLE_OBJC_ARC = YES;
				CLANG_WARN_BLOCK_CAPTURE_AUTORELEASING = YES;
				CLANG_WARN_BOOL_CONVERSION = YES;
				CLANG_WARN_COMMA = YES;
				CLANG_WARN_CONSTANT_CONVERSION = YES;
				CLANG_WARN_DIRECT_OBJC_ISA_USAGE = YES_ERROR;
				CLANG_WARN_DOCUMENTATION_COMMENTS = YES;
				CLANG_WARN_EMPTY_BODY = YES;
				CLANG_WARN_ENUM_CONVERSION = YES;
				CLANG_WARN_INFINITE_RECURSION = YES;
				CLANG_WARN_INT_CONVERSION = YES;
				CLANG_WARN_NON_LITERAL_NULL_CONVERSION = YES;
				CLANG_WARN_OBJC_LITERAL_CONVERSION = YES;
				CLANG_WARN_OBJC_ROOT_CLASS = YES_ERROR;
				CLANG_WARN_RANGE_LOOP_ANALYSIS = YES;
				CLANG_WARN_STRICT_PROTOTYPES = YES;
				CLANG_WARN_SUSPICIOUS_MOVE = YES;
				CLANG_WARN_UNGUARDED_AVAILABILITY = YES_AGGRESSIVE;
				CLANG_WARN_UNREACHABLE_CODE = YES;
				CLANG_WARN__DUPLICATE_METHOD_MATCH = YES;
				CODE_SIGN_IDENTITY = "-";
				COPY_PHASE_STRIP = NO;
				DEBUG_INFORMATION_FORMAT = "dwarf-with-dsym";
				ENABLE_NS_ASSERTIONS = NO;
				ENABLE_STRICT_OBJC_MSGSEND = YES;
				GCC_C_LANGUAGE_STANDARD = gnu11;
				GCC_NO_COMMON_BLOCKS = YES;
				GCC_WARN_64_TO_32_BIT_CONVERSION = YES;
				GCC_WARN_ABOUT_RETURN_TYPE = YES_ERROR;
				GCC_WARN_UNDECLARED_SELECTOR = YES;
				GCC_WARN_UNINITIALIZED_AUTOS = YES_AGGRESSIVE;
				GCC_WARN_UNUSED_FUNCTION = YES;
				GCC_WARN_UNUSED_VARIABLE = YES;
				MACOSX_DEPLOYMENT_TARGET = 10.12;
				MTL_ENABLE_DEBUG_INFO = NO;
				SDKROOT = macosx;
			};
			name = Release;
		};
		B9B8A0EE1F97A45C00920974 /* Debug */ = {
			isa = XCBuildConfiguration;
			buildSettings = {
				CODE_SIGN_STYLE = Automatic;
				PRODUCT_NAME = "$(TARGET_NAME)";
			};
			name = Debug;
		};
		B9B8A0EF1F97A45C00920974 /* Release */ = {
			isa = XCBuildConfiguration;
			buildSettings = {
				CODE_SIGN_STYLE = Automatic;
				PRODUCT_NAME = "$(TARGET_NAME)";
			};
			name = Release;
		};
/* End XCBuildConfiguration section */

/* Begin XCConfigurationList section */
		B9B8A0E11F97A45C00920974 /* Build configuration list for PBXProject "算法" */ = {
			isa = XCConfigurationList;
			buildConfigurations = (
				B9B8A0EB1F97A45C00920974 /* Debug */,
				B9B8A0EC1F97A45C00920974 /* Release */,
			);
			defaultConfigurationIsVisible = 0;
			defaultConfigurationName = Release;
		};
		B9B8A0ED1F97A45C00920974 /* Build configuration list for PBXNativeTarget "算法" */ = {
			isa = XCConfigurationList;
			buildConfigurations = (
				B9B8A0EE1F97A45C00920974 /* Debug */,
				B9B8A0EF1F97A45C00920974 /* Release */,
			);
			defaultConfigurationIsVisible = 0;
			defaultConfigurationName = Release;
		};
/* End XCConfigurationList section */
	};
	rootObject = B9B8A0DE1F97A45C00920974 /* Project object */;
}
